Microsoft Visual Studio Solution File, Format Version 11.00
# Visual Studio 2008

Project("{FC5D320B-8CCA-6E20-3F08-F07F928D2EAF}") = "IP2Proto 04-02-2016", "Assembly-CSharp-vs.csproj", "{9990FC9A-82EA-466F-8133-A8350EFCC76C}"
EndProject
Global
	GlobalSection(SolutionConfigurationPlatforms) = preSolution
		Debug|Any CPU = Debug|Any CPU
		Release|Any CPU = Release|Any CPU
	EndGlobalSection
	GlobalSection(ProjectConfigurationPlatforms) = postSolution
		{9990FC9A-82EA-466F-8133-A8350EFCC76C}.Debug|Any CPU.ActiveCfg = Debug|Any CPU
		{9990FC9A-82EA-466F-8133-A8350EFCC76C}.Debug|Any CPU.Build.0 = Debug|Any CPU
		{9990FC9A-82EA-466F-8133-A8350EFCC76C}.Release|Any CPU.ActiveCfg = Release|Any CPU
		{9990FC9A-82EA-466F-8133-A8350EFCC76C}.Release|Any CPU.Build.0 = Release|Any CPU
	EndGlobalSection
	GlobalSection(SolutionProperties) = preSolution
		HideSolutionNode = FALSE
	EndGlobalSection
		GlobalSection(MonoDevelopProperties) = preSolution
		StartupItem = Assembly-CSharp.csproj
		Policies = $0
		$0.TextStylePolicy = $1
		$1.inheritsSet = null
		$1.scope = text/x-csharp
		$0.CSharpFormattingPolicy = $2
		$2.inheritsSet = Mono
		$2.inheritsScope = text/x-csharp
		$2.scope = text/x-csharp
		$0.TextStylePolicy = $3
		$3.FileWidth = 120
		$3.TabWidth = 4
		$3.IndentWidth = 4
		$3.EolMarker = Unix
		$3.inheritsSet = Mono
		$3.inheritsScope = text/plain
		$3.scope = text/plain
	EndGlobalSection

EndGlobal
